
Microsoft Visual Studio Solution File, Format Version 12.00
# Visual Studio Version 17
VisualStudioVersion = 17.6.33829.357
MinimumVisualStudioVersion = 10.0.40219.1
Project("{FAE04EC0-301F-11D3-BF4B-00C04F79EFBC}") = "MyProducerConsumer", "MyProducerConsumer\MyProducerConsumer.csproj", "{00D16E6F-572F-4E21-BC50-6D2728804983}"
EndProject
Project("{FAE04EC0-301F-11D3-BF4B-00C04F79EFBC}") = "BackgroundProcessing", "BackgroundProcessing\BackgroundProcessing.csproj", "{151228E6-780B-44F1-A2B1-E78C007E4E5B}"
EndProject
Project("{FAE04EC0-301F-11D3-BF4B-00C04F79EFBC}") = "ReadersAndWriters", "ReadersAndWriters\ReadersAndWriters.csproj", "{E1ADC7D9-3096-4D7A-A9A8-19E9C0877365}"
EndProject
Global
	GlobalSection(SolutionConfigurationPlatforms) = preSolution
		Debug|Any CPU = Debug|Any CPU
		Debug|x64 = Debug|x64
		Debug|x86 = Debug|x86
		Release|Any CPU = Release|Any CPU
		Release|x64 = Release|x64
		Release|x86 = Release|x86
	EndGlobalSection
	GlobalSection(ProjectConfigurationPlatforms) = postSolution
		{00D16E6F-572F-4E21-BC50-6D2728804983}.Debug|Any CPU.ActiveCfg = Debug|Any CPU
		{00D16E6F-572F-4E21-BC50-6D2728804983}.Debug|Any CPU.Build.0 = Debug|Any CPU
		{00D16E6F-572F-4E21-BC50-6D2728804983}.Debug|x64.ActiveCfg = Debug|Any CPU
		{00D16E6F-572F-4E21-BC50-6D2728804983}.Debug|x64.Build.0 = Debug|Any CPU
		{00D16E6F-572F-4E21-BC50-6D2728804983}.Debug|x86.ActiveCfg = Debug|Any CPU
		{00D16E6F-572F-4E21-BC50-6D2728804983}.Debug|x86.Build.0 = Debug|Any CPU
		{00D16E6F-572F-4E21-BC50-6D2728804983}.Release|Any CPU.ActiveCfg = Release|Any CPU
		{00D16E6F-572F-4E21-BC50-6D2728804983}.Release|Any CPU.Build.0 = Release|Any CPU
		{00D16E6F-572F-4E21-BC50-6D2728804983}.Release|x64.ActiveCfg = Release|Any CPU
		{00D16E6F-572F-4E21-BC50-6D2728804983}.Release|x64.Build.0 = Release|Any CPU
		{00D16E6F-572F-4E21-BC50-6D2728804983}.Release|x86.ActiveCfg = Release|Any CPU
		{00D16E6F-572F-4E21-BC50-6D2728804983}.Release|x86.Build.0 = Release|Any CPU
		{151228E6-780B-44F1-A2B1-E78C007E4E5B}.Debug|Any CPU.ActiveCfg = Debug|Any CPU
		{151228E6-780B-44F1-A2B1-E78C007E4E5B}.Debug|Any CPU.Build.0 = Debug|Any CPU
		{151228E6-780B-44F1-A2B1-E78C007E4E5B}.Debug|x64.ActiveCfg = Debug|Any CPU
		{151228E6-780B-44F1-A2B1-E78C007E4E5B}.Debug|x64.Build.0 = Debug|Any CPU
		{151228E6-780B-44F1-A2B1-E78C007E4E5B}.Debug|x86.ActiveCfg = Debug|Any CPU
		{151228E6-780B-44F1-A2B1-E78C007E4E5B}.Debug|x86.Build.0 = Debug|Any CPU
		{151228E6-780B-44F1-A2B1-E78C007E4E5B}.Release|Any CPU.ActiveCfg = Release|Any CPU
		{151228E6-780B-44F1-A2B1-E78C007E4E5B}.Release|Any CPU.Build.0 = Release|Any CPU
		{151228E6-780B-44F1-A2B1-E78C007E4E5B}.Release|x64.ActiveCfg = Release|Any CPU
		{151228E6-780B-44F1-A2B1-E78C007E4E5B}.Release|x64.Build.0 = Release|Any CPU
		{151228E6-780B-44F1-A2B1-E78C007E4E5B}.Release|x86.ActiveCfg = Release|Any CPU
		{151228E6-780B-44F1-A2B1-E78C007E4E5B}.Release|x86.Build.0 = Release|Any CPU
		{E1ADC7D9-3096-4D7A-A9A8-19E9C0877365}.Debug|Any CPU.ActiveCfg = Debug|Any CPU
		{E1ADC7D9-3096-4D7A-A9A8-19E9C0877365}.Debug|Any CPU.Build.0 = Debug|Any CPU
		{E1ADC7D9-3096-4D7A-A9A8-19E9C0877365}.Debug|x64.ActiveCfg = Debug|Any CPU
		{E1ADC7D9-3096-4D7A-A9A8-19E9C0877365}.Debug|x64.Build.0 = Debug|Any CPU
		{E1ADC7D9-3096-4D7A-A9A8-19E9C0877365}.Debug|x86.ActiveCfg = Debug|Any CPU
		{E1ADC7D9-3096-4D7A-A9A8-19E9C0877365}.Debug|x86.Build.0 = Debug|Any CPU
		{E1ADC7D9-3096-4D7A-A9A8-19E9C0877365}.Release|Any CPU.ActiveCfg = Release|Any CPU
		{E1ADC7D9-3096-4D7A-A9A8-19E9C0877365}.Release|Any CPU.Build.0 = Release|Any CPU
		{E1ADC7D9-3096-4D7A-A9A8-19E9C0877365}.Release|x64.ActiveCfg = Release|Any CPU
		{E1ADC7D9-3096-4D7A-A9A8-19E9C0877365}.Release|x64.Build.0 = Release|Any CPU
		{E1ADC7D9-3096-4D7A-A9A8-19E9C0877365}.Release|x86.ActiveCfg = Release|Any CPU
		{E1ADC7D9-3096-4D7A-A9A8-19E9C0877365}.Release|x86.Build.0 = Release|Any CPU
	EndGlobalSection
	GlobalSection(SolutionProperties) = preSolution
		HideSolutionNode = FALSE
	EndGlobalSection
	GlobalSection(ExtensibilityGlobals) = postSolution
		SolutionGuid = {35F96ADE-C543-4EFA-B0B5-8E9818606445}
	EndGlobalSection
EndGlobal
